
Microsoft Visual Studio Solution File, Format Version 12.00
# Visual Studio 14
VisualStudioVersion = 14.0.25420.1
MinimumVisualStudioVersion = 10.0.40219.1
Project("{FAE04EC0-301F-11D3-BF4B-00C04F79EFBC}") = "AutomationPractice", "AutomationPractice\AutomationPractice.csproj", "{020F7C83-E713-4B9D-B805-DED861446EF1}"
EndProject
Project("{FAE04EC0-301F-11D3-BF4B-00C04F79EFBC}") = "Tests", "Tests\Tests.csproj", "{BE974C20-ECAD-4773-8DC6-E5273D687654}"
EndProject
Global
	GlobalSection(SolutionConfigurationPlatforms) = preSolution
		Debug|Any CPU = Debug|Any CPU
		Release|Any CPU = Release|Any CPU
	EndGlobalSection
	GlobalSection(ProjectConfigurationPlatforms) = postSolution
		{020F7C83-E713-4B9D-B805-DED861446EF1}.Debug|Any CPU.ActiveCfg = Debug|Any CPU
		{020F7C83-E713-4B9D-B805-DED861446EF1}.Debug|Any CPU.Build.0 = Debug|Any CPU
		{020F7C83-E713-4B9D-B805-DED861446EF1}.Release|Any CPU.ActiveCfg = Release|Any CPU
		{020F7C83-E713-4B9D-B805-DED861446EF1}.Release|Any CPU.Build.0 = Release|Any CPU
		{BE974C20-ECAD-4773-8DC6-E5273D687654}.Debug|Any CPU.ActiveCfg = Debug|Any CPU
		{BE974C20-ECAD-4773-8DC6-E5273D687654}.Debug|Any CPU.Build.0 = Debug|Any CPU
		{BE974C20-ECAD-4773-8DC6-E5273D687654}.Release|Any CPU.ActiveCfg = Release|Any CPU
		{BE974C20-ECAD-4773-8DC6-E5273D687654}.Release|Any CPU.Build.0 = Release|Any CPU
	EndGlobalSection
	GlobalSection(SolutionProperties) = preSolution
		HideSolutionNode = FALSE
	EndGlobalSection
EndGlobal
